
Microsoft Visual Studio Solution File, Format Version 12.00
# Visual Studio Version 16
VisualStudioVersion = 16.0.29613.14
MinimumVisualStudioVersion = 10.0.40219.1
Project("{FAE04EC0-301F-11D3-BF4B-00C04F79EFBC}") = "HydeMvcP1", "HydeMvcP1.csproj", "{A9E13DEC-A1F5-478A-88A0-66C6AC13446C}"
EndProject
Global
	GlobalSection(SolutionConfigurationPlatforms) = preSolution
		Debug|Any CPU = Debug|Any CPU
		Release|Any CPU = Release|Any CPU
	EndGlobalSection
	GlobalSection(ProjectConfigurationPlatforms) = postSolution
		{A9E13DEC-A1F5-478A-88A0-66C6AC13446C}.Debug|Any CPU.ActiveCfg = Debug|Any CPU
		{A9E13DEC-A1F5-478A-88A0-66C6AC13446C}.Debug|Any CPU.Build.0 = Debug|Any CPU
		{A9E13DEC-A1F5-478A-88A0-66C6AC13446C}.Release|Any CPU.ActiveCfg = Release|Any CPU
		{A9E13DEC-A1F5-478A-88A0-66C6AC13446C}.Release|Any CPU.Build.0 = Release|Any CPU
	EndGlobalSection
	GlobalSection(SolutionProperties) = preSolution
		HideSolutionNode = FALSE
	EndGlobalSection
	GlobalSection(ExtensibilityGlobals) = postSolution
		SolutionGuid = {C3357962-1DD0-4FC3-BE79-59B4E2B105F0}
	EndGlobalSection
EndGlobal
